
Microsoft Visual Studio Solution File, Format Version 12.00
# Visual Studio Version 16
VisualStudioVersion = 16.0.30128.74
MinimumVisualStudioVersion = 10.0.40219.1
Project("{FAE04EC0-301F-11D3-BF4B-00C04F79EFBC}") = "Application", "Application\Application.csproj", "{B5829CC1-100F-409C-A957-1DF993A446E4}"
EndProject
Project("{FAE04EC0-301F-11D3-BF4B-00C04F79EFBC}") = "Algorithms", "Algorithms\Algorithms.csproj", "{4D6FFB0B-5F5E-4CC6-A695-66C440B5F6A6}"
EndProject
Global
	GlobalSection(SolutionConfigurationPlatforms) = preSolution
		Debug|Any CPU = Debug|Any CPU
		Release|Any CPU = Release|Any CPU
	EndGlobalSection
	GlobalSection(ProjectConfigurationPlatforms) = postSolution
		{B5829CC1-100F-409C-A957-1DF993A446E4}.Debug|Any CPU.ActiveCfg = Debug|Any CPU
		{B5829CC1-100F-409C-A957-1DF993A446E4}.Debug|Any CPU.Build.0 = Debug|Any CPU
		{B5829CC1-100F-409C-A957-1DF993A446E4}.Release|Any CPU.ActiveCfg = Release|Any CPU
		{B5829CC1-100F-409C-A957-1DF993A446E4}.Release|Any CPU.Build.0 = Release|Any CPU
		{4D6FFB0B-5F5E-4CC6-A695-66C440B5F6A6}.Debug|Any CPU.ActiveCfg = Debug|Any CPU
		{4D6FFB0B-5F5E-4CC6-A695-66C440B5F6A6}.Debug|Any CPU.Build.0 = Debug|Any CPU
		{4D6FFB0B-5F5E-4CC6-A695-66C440B5F6A6}.Release|Any CPU.ActiveCfg = Release|Any CPU
		{4D6FFB0B-5F5E-4CC6-A695-66C440B5F6A6}.Release|Any CPU.Build.0 = Release|Any CPU
	EndGlobalSection
	GlobalSection(SolutionProperties) = preSolution
		HideSolutionNode = FALSE
	EndGlobalSection
	GlobalSection(ExtensibilityGlobals) = postSolution
		SolutionGuid = {FD5E1E45-0585-4A42-83F5-7673647FAF00}
	EndGlobalSection
EndGlobal
