
Microsoft Visual Studio Solution File, Format Version 12.00
# Visual Studio Version 16
VisualStudioVersion = 16.0.30128.74
MinimumVisualStudioVersion = 10.0.40219.1
Project("{9A19103F-16F7-4668-BE54-9A1E7A4F7556}") = "Algorithms", "Algorithms\Algorithms.csproj", "{4D6FFB0B-5F5E-4CC6-A695-66C440B5F6A6}"
EndProject
Project("{9A19103F-16F7-4668-BE54-9A1E7A4F7556}") = "FormsApplication", "FormsApplication\FormsApplication.csproj", "{81012AD4-3B59-4CFB-AE5C-C3C9FB62E303}"
EndProject
Global
	GlobalSection(SolutionConfigurationPlatforms) = preSolution
		Debug|Any CPU = Debug|Any CPU
		Release|Any CPU = Release|Any CPU
	EndGlobalSection
	GlobalSection(ProjectConfigurationPlatforms) = postSolution
		{4D6FFB0B-5F5E-4CC6-A695-66C440B5F6A6}.Debug|Any CPU.ActiveCfg = Debug|Any CPU
		{4D6FFB0B-5F5E-4CC6-A695-66C440B5F6A6}.Debug|Any CPU.Build.0 = Debug|Any CPU
		{4D6FFB0B-5F5E-4CC6-A695-66C440B5F6A6}.Release|Any CPU.ActiveCfg = Release|Any CPU
		{4D6FFB0B-5F5E-4CC6-A695-66C440B5F6A6}.Release|Any CPU.Build.0 = Release|Any CPU
		{81012AD4-3B59-4CFB-AE5C-C3C9FB62E303}.Debug|Any CPU.ActiveCfg = Debug|Any CPU
		{81012AD4-3B59-4CFB-AE5C-C3C9FB62E303}.Debug|Any CPU.Build.0 = Debug|Any CPU
		{81012AD4-3B59-4CFB-AE5C-C3C9FB62E303}.Release|Any CPU.ActiveCfg = Release|Any CPU
		{81012AD4-3B59-4CFB-AE5C-C3C9FB62E303}.Release|Any CPU.Build.0 = Release|Any CPU
	EndGlobalSection
	GlobalSection(SolutionProperties) = preSolution
		HideSolutionNode = FALSE
	EndGlobalSection
	GlobalSection(ExtensibilityGlobals) = postSolution
		SolutionGuid = {FD5E1E45-0585-4A42-83F5-7673647FAF00}
	EndGlobalSection
EndGlobal
